{
    "version": 3,
    "terraform_version": "0.11.11",
    "serial": 22,
    "lineage": "498fd287-c50c-a967-6a31-245d54f77ccb",
    "modules": [
        {
            "path": [
                "root"
            ],
            "outputs": {
                "cluster_name": {
                    "sensitive": false,
                    "type": "string",
                    "value": "august-period-234610"
                },
                "zone": {
                    "sensitive": false,
                    "type": "string",
                    "value": "europe-west1-d"
                }
            },
            "resources": {
                "google_container_cluster.k8s-cluster": {
                    "type": "google_container_cluster",
                    "depends_on": [],
                    "primary": {
                        "id": "august-period-234610",
                        "attributes": {
                            "additional_zones.#": "0",
                            "addons_config.#": "1",
                            "addons_config.0.horizontal_pod_autoscaling.#": "0",
                            "addons_config.0.http_load_balancing.#": "1",
                            "addons_config.0.http_load_balancing.0.disabled": "true",
                            "addons_config.0.kubernetes_dashboard.#": "1",
                            "addons_config.0.kubernetes_dashboard.0.disabled": "true",
                            "addons_config.0.network_policy_config.#": "1",
                            "addons_config.0.network_policy_config.0.disabled": "true",
                            "cluster_autoscaling.#": "0",
                            "cluster_ipv4_cidr": "10.0.0.0/14",
                            "description": "",
                            "enable_kubernetes_alpha": "false",
                            "enable_legacy_abac": "false",
                            "endpoint": "35.205.77.242",
                            "id": "august-period-234610",
                            "initial_node_count": "1",
                            "instance_group_urls.#": "1",
                            "instance_group_urls.0": "https://www.googleapis.com/compute/v1/projects/august-period-234610/zones/europe-west1-d/instanceGroups/gke-august-period-234610-worker-bea0349b-grp",
                            "ip_allocation_policy.#": "0",
                            "logging_service": "none",
                            "maintenance_policy.#": "0",
                            "master_auth.#": "1",
                            "master_auth.0.client_certificate": "",
                            "master_auth.0.client_certificate_config.#": "1",
                            "master_auth.0.client_certificate_config.0.issue_client_certificate": "false",
                            "master_auth.0.client_key": "",
                            "master_auth.0.cluster_ca_certificate": "LS0tLS1CRUdJTiBDRVJUSUZJQ0FURS0tLS0tCk1JSURERENDQWZTZ0F3SUJBZ0lSQU5ldzBaWXhNYnVob2JFdXNyc09YWVl3RFFZSktvWklodmNOQVFFTEJRQXcKTHpFdE1Dc0dBMVVFQXhNa09UQXdNbUU1WXpndE5UWTRaaTAwWldRd0xXRmhOVGt0WVRKbVl6WTJZakEzTWpBNQpNQjRYRFRFNU1EUXlNakU1TXpZMU5Gb1hEVEkwTURReU1ESXdNelkxTkZvd0x6RXRNQ3NHQTFVRUF4TWtPVEF3Ck1tRTVZemd0TlRZNFppMDBaV1F3TFdGaE5Ua3RZVEptWXpZMllqQTNNakE1TUlJQklqQU5CZ2txaGtpRzl3MEIKQVFFRkFBT0NBUThBTUlJQkNnS0NBUUVBc3Ruc2JzcDY2Ym1EdG1xdzNEc2NyS0ZuYWxyU0MzN0QzNDdvNVdjTQpVQmp4TzFjYlJaaXJLV3lkaHVOT0xhcUZXbmRHckZvUzU0cDN3dDlNMjVXcFZsSk1ZMGEvMjBrcGp0VzZZdG1JClRsNHlweENQbzhWY0dOSFhFVTFQMFpOVmNoU2RTZW5FOVJxSGgrMDRGa0ZVUjE5UVFnWS9yQ3NNRHF4a0E2VFYKRUN1ZGtGM1M5SUNMQ3NqL2RKVUJkZCtaM3lXVG9STVhpMEd5VmdQZUZFbWVvK29RVmxjQ2hoTkdSdXVLZnlVawoxNnpEZkc1OTNUZEgweThmMU9TdzBjeThJMEZFVm96SUM0OUtVYTNmN2VveEJEZktPM1JmQ05ZUTVHY1hQYkVuCmM2RXlDcW5VaEc3bVlxSU96RlYycW5nVXR0K20wLzdhMmw2Z01La3U0dUM5dXdJREFRQUJveU13SVRBT0JnTlYKSFE4QkFmOEVCQU1DQWdRd0R3WURWUjBUQVFIL0JBVXdBd0VCL3pBTkJna3Foa2lHOXcwQkFRc0ZBQU9DQVFFQQpWN0FFSGJxamVvNDNSNDR1SHJIaGVIeUlTazZwTElSOCtKT0ZiMSszVExqY0Y4cXJLYXBGRGN1eFlkTjlqMHFQCmZnRGFFYnpzMlZ2dmhMU29PQmVtci9mcDg5SCtmbTQyRTNmWVovL1BkK0dCS0FPbXZOa3ZsWmxoWFN2Z0hHRTEKRTZ5UXZKK0dmZ0xDQXBOUmllbE43TC9QUGoxQXFibXNocFBnajhhWjJBcGFvOTRsUkkxVVViQi9IK2JEamI2ZgpyaDhnNHJ0T1hyR0w3Sno4SFJ0SlJ0U0JMcjRvS3ljODRKZ2ZIZ3VSeTl4ZWxIc2JEWTFOUGp4SlFma0o1aTNICk94bG5aZU8yTWUrcTZtTWxPMVNtOFVrOW1SY3lVSnE4SFdoTWVud3dCOWJsWHJnRVdDbExVU00zUGROUlJrZWUKM3l5eUR2aTRXeEwvV1VHTktOa3RkQT09Ci0tLS0tRU5EIENFUlRJRklDQVRFLS0tLS0K",
                            "master_auth.0.password": "",
                            "master_auth.0.username": "",
                            "master_authorized_networks_config.#": "0",
                            "master_version": "1.12.7-gke.7",
                            "min_master_version": "1.12.7-gke.7",
                            "monitoring_service": "none",
                            "name": "august-period-234610",
                            "network": "projects/august-period-234610/global/networks/default",
                            "network_policy.#": "1",
                            "network_policy.0.enabled": "false",
                            "network_policy.0.provider": "PROVIDER_UNSPECIFIED",
                            "node_config.#": "1",
                            "node_config.0.disk_size_gb": "100",
                            "node_config.0.disk_type": "pd-standard",
                            "node_config.0.guest_accelerator.#": "0",
                            "node_config.0.image_type": "COS",
                            "node_config.0.labels.%": "0",
                            "node_config.0.local_ssd_count": "0",
                            "node_config.0.machine_type": "n1-standard-4",
                            "node_config.0.metadata.%": "1",
                            "node_config.0.metadata.disable-legacy-endpoints": "true",
                            "node_config.0.min_cpu_platform": "",
                            "node_config.0.oauth_scopes.#": "4",
                            "node_config.0.oauth_scopes.1277378754": "https://www.googleapis.com/auth/monitoring",
                            "node_config.0.oauth_scopes.1632638332": "https://www.googleapis.com/auth/devstorage.read_only",
                            "node_config.0.oauth_scopes.172152165": "https://www.googleapis.com/auth/logging.write",
                            "node_config.0.oauth_scopes.299962681": "https://www.googleapis.com/auth/compute",
                            "node_config.0.preemptible": "true",
                            "node_config.0.service_account": "default",
                            "node_config.0.tags.#": "0",
                            "node_config.0.taint.#": "0",
                            "node_config.0.workload_metadata_config.#": "0",
                            "node_pool.#": "1",
                            "node_pool.0.autoscaling.#": "0",
                            "node_pool.0.initial_node_count": "1",
                            "node_pool.0.instance_group_urls.#": "1",
                            "node_pool.0.instance_group_urls.0": "https://www.googleapis.com/compute/v1/projects/august-period-234610/zones/europe-west1-d/instanceGroupManagers/gke-august-period-234610-worker-bea0349b-grp",
                            "node_pool.0.management.#": "1",
                            "node_pool.0.management.0.auto_repair": "true",
                            "node_pool.0.management.0.auto_upgrade": "true",
                            "node_pool.0.max_pods_per_node": "0",
                            "node_pool.0.name": "worker",
                            "node_pool.0.name_prefix": "",
                            "node_pool.0.node_config.#": "1",
                            "node_pool.0.node_config.0.disk_size_gb": "100",
                            "node_pool.0.node_config.0.disk_type": "pd-standard",
                            "node_pool.0.node_config.0.guest_accelerator.#": "0",
                            "node_pool.0.node_config.0.image_type": "COS",
                            "node_pool.0.node_config.0.labels.%": "0",
                            "node_pool.0.node_config.0.local_ssd_count": "0",
                            "node_pool.0.node_config.0.machine_type": "n1-standard-4",
                            "node_pool.0.node_config.0.metadata.%": "1",
                            "node_pool.0.node_config.0.metadata.disable-legacy-endpoints": "true",
                            "node_pool.0.node_config.0.min_cpu_platform": "",
                            "node_pool.0.node_config.0.oauth_scopes.#": "4",
                            "node_pool.0.node_config.0.oauth_scopes.1277378754": "https://www.googleapis.com/auth/monitoring",
                            "node_pool.0.node_config.0.oauth_scopes.1632638332": "https://www.googleapis.com/auth/devstorage.read_only",
                            "node_pool.0.node_config.0.oauth_scopes.172152165": "https://www.googleapis.com/auth/logging.write",
                            "node_pool.0.node_config.0.oauth_scopes.299962681": "https://www.googleapis.com/auth/compute",
                            "node_pool.0.node_config.0.preemptible": "true",
                            "node_pool.0.node_config.0.service_account": "default",
                            "node_pool.0.node_config.0.tags.#": "0",
                            "node_pool.0.node_config.0.taint.#": "0",
                            "node_pool.0.node_config.0.workload_metadata_config.#": "0",
                            "node_pool.0.node_count": "1",
                            "node_pool.0.version": "1.12.7-gke.7",
                            "node_version": "1.12.7-gke.7",
                            "private_cluster_config.#": "0",
                            "project": "august-period-234610",
                            "remove_default_node_pool": "true",
                            "resource_labels.%": "0",
                            "subnetwork": "projects/august-period-234610/regions/europe-west1/subnetworks/default",
                            "zone": "europe-west1-d"
                        },
                        "meta": {
                            "e2bfb730-ecaa-11e6-8f88-34363bc7c4c0": {
                                "create": 1800000000000,
                                "delete": 1800000000000,
                                "update": 1800000000000
                            },
                            "schema_version": "1"
                        },
                        "tainted": false
                    },
                    "deposed": [],
                    "provider": "provider.google"
                },
                "google_container_node_pool.worker": {
                    "type": "google_container_node_pool",
                    "depends_on": [
                        "google_container_cluster.k8s-cluster"
                    ],
                    "primary": {
                        "id": "europe-west1-d/august-period-234610/worker",
                        "attributes": {
                            "cluster": "august-period-234610",
                            "id": "europe-west1-d/august-period-234610/worker",
                            "initial_node_count": "1",
                            "instance_group_urls.#": "1",
                            "instance_group_urls.0": "https://www.googleapis.com/compute/v1/projects/august-period-234610/zones/europe-west1-d/instanceGroupManagers/gke-august-period-234610-worker-bea0349b-grp",
                            "management.#": "1",
                            "management.0.auto_repair": "true",
                            "management.0.auto_upgrade": "true",
                            "name": "worker",
                            "name_prefix": "",
                            "node_config.#": "1",
                            "node_config.0.disk_size_gb": "100",
                            "node_config.0.disk_type": "pd-standard",
                            "node_config.0.guest_accelerator.#": "0",
                            "node_config.0.image_type": "COS",
                            "node_config.0.labels.%": "0",
                            "node_config.0.local_ssd_count": "0",
                            "node_config.0.machine_type": "n1-standard-4",
                            "node_config.0.metadata.%": "1",
                            "node_config.0.metadata.disable-legacy-endpoints": "true",
                            "node_config.0.min_cpu_platform": "",
                            "node_config.0.oauth_scopes.#": "4",
                            "node_config.0.oauth_scopes.1277378754": "https://www.googleapis.com/auth/monitoring",
                            "node_config.0.oauth_scopes.1632638332": "https://www.googleapis.com/auth/devstorage.read_only",
                            "node_config.0.oauth_scopes.172152165": "https://www.googleapis.com/auth/logging.write",
                            "node_config.0.oauth_scopes.299962681": "https://www.googleapis.com/auth/compute",
                            "node_config.0.preemptible": "true",
                            "node_config.0.service_account": "default",
                            "node_config.0.tags.#": "0",
                            "node_config.0.taint.#": "0",
                            "node_config.0.workload_metadata_config.#": "0",
                            "node_count": "1",
                            "project": "august-period-234610",
                            "version": "1.12.7-gke.7",
                            "zone": "europe-west1-d"
                        },
                        "meta": {
                            "e2bfb730-ecaa-11e6-8f88-34363bc7c4c0": {
                                "create": 1800000000000,
                                "delete": 600000000000,
                                "update": 600000000000
                            },
                            "schema_version": "1"
                        },
                        "tainted": false
                    },
                    "deposed": [],
                    "provider": "provider.google"
                }
            },
            "depends_on": []
        }
    ]
}
